
Microsoft Visual Studio Solution File, Format Version 12.00
# Visual Studio Version 17
VisualStudioVersion = 17.14.37502.11 d17.14
MinimumVisualStudioVersion = 10.0.40219.1
Project("{FAE04EC0-301F-11D3-BF4B-00C04F79EFBC}") = "DashboardService", "DashboardService\DashboardService.csproj", "{95C34DD4-3281-4258-8261-4000DE2CAB32}"
EndProject
Global
	GlobalSection(SolutionConfigurationPlatforms) = preSolution
		Debug|Any CPU = Debug|Any CPU
		Release|Any CPU = Release|Any CPU
	EndGlobalSection
	GlobalSection(ProjectConfigurationPlatforms) = postSolution
		{95C34DD4-3281-4258-8261-4000DE2CAB32}.Debug|Any CPU.ActiveCfg = Debug|Any CPU
		{95C34DD4-3281-4258-8261-4000DE2CAB32}.Debug|Any CPU.Build.0 = Debug|Any CPU
		{95C34DD4-3281-4258-8261-4000DE2CAB32}.Release|Any CPU.ActiveCfg = Release|Any CPU
		{95C34DD4-3281-4258-8261-4000DE2CAB32}.Release|Any CPU.Build.0 = Release|Any CPU
	EndGlobalSection
	GlobalSection(SolutionProperties) = preSolution
		HideSolutionNode = FALSE
	EndGlobalSection
	GlobalSection(ExtensibilityGlobals) = postSolution
		SolutionGuid = {591E1869-64BF-4687-B76C-0324E0DB4B99}
	EndGlobalSection
EndGlobal
