
Microsoft Visual Studio Solution File, Format Version 12.00
# Visual Studio Version 17
VisualStudioVersion = 17.0.31903.59
MinimumVisualStudioVersion = 10.0.40219.1
Project("{2150E333-8FDC-42A3-9474-1A3956D46DE8}") = "src", "src", "{827E0CD3-B72D-47B6-A68D-7590B98EB39B}"
EndProject
Project("{FAE04EC0-301F-11D3-BF4B-00C04F79EFBC}") = "Auth.Domain", "src\Auth.Domain\Auth.Domain.csproj", "{9AE65D1F-45A0-413F-B84E-073FD42DC1B1}"
EndProject
Project("{FAE04EC0-301F-11D3-BF4B-00C04F79EFBC}") = "Auth.Shared", "src\Auth.Shared\Auth.Shared.csproj", "{08283709-F7EA-421A-8435-07FBC8064991}"
EndProject
Project("{FAE04EC0-301F-11D3-BF4B-00C04F79EFBC}") = "Auth.Application", "src\Auth.Application\Auth.Application.csproj", "{D8E3E019-E669-4D7B-9E04-792178E54CEF}"
EndProject
Project("{FAE04EC0-301F-11D3-BF4B-00C04F79EFBC}") = "Auth.Infrastructure", "src\Auth.Infrastructure\Auth.Infrastructure.csproj", "{F4A7D6FE-EF63-4CEB-B96C-E84C53E39463}"
EndProject
Project("{FAE04EC0-301F-11D3-BF4B-00C04F79EFBC}") = "Auth.Api", "src\Auth.Api\Auth.Api.csproj", "{E0621D23-DC96-433E-9CDE-F792BD000846}"
EndProject
Project("{2150E333-8FDC-42A3-9474-1A3956D46DE8}") = "tests", "tests", "{0AB3BF05-4346-4AA6-1389-037BE0695223}"
EndProject
Project("{FAE04EC0-301F-11D3-BF4B-00C04F79EFBC}") = "UnitTests", "tests\UnitTests\UnitTests.csproj", "{AA17153D-AD8C-4878-A164-708540204F31}"
EndProject
Project("{FAE04EC0-301F-11D3-BF4B-00C04F79EFBC}") = "IntegrationTests", "tests\IntegrationTests\IntegrationTests.csproj", "{CF46D687-1B21-425C-A6DF-1C0C1DD6F16B}"
EndProject
Global
	GlobalSection(SolutionConfigurationPlatforms) = preSolution
		Debug|Any CPU = Debug|Any CPU
		Debug|x64 = Debug|x64
		Debug|x86 = Debug|x86
		Release|Any CPU = Release|Any CPU
		Release|x64 = Release|x64
		Release|x86 = Release|x86
	EndGlobalSection
	GlobalSection(ProjectConfigurationPlatforms) = postSolution
		{9AE65D1F-45A0-413F-B84E-073FD42DC1B1}.Debug|Any CPU.ActiveCfg = Debug|Any CPU
		{9AE65D1F-45A0-413F-B84E-073FD42DC1B1}.Debug|Any CPU.Build.0 = Debug|Any CPU
		{9AE65D1F-45A0-413F-B84E-073FD42DC1B1}.Debug|x64.ActiveCfg = Debug|Any CPU
		{9AE65D1F-45A0-413F-B84E-073FD42DC1B1}.Debug|x64.Build.0 = Debug|Any CPU
		{9AE65D1F-45A0-413F-B84E-073FD42DC1B1}.Debug|x86.ActiveCfg = Debug|Any CPU
		{9AE65D1F-45A0-413F-B84E-073FD42DC1B1}.Debug|x86.Build.0 = Debug|Any CPU
		{9AE65D1F-45A0-413F-B84E-073FD42DC1B1}.Release|Any CPU.ActiveCfg = Release|Any CPU
		{9AE65D1F-45A0-413F-B84E-073FD42DC1B1}.Release|Any CPU.Build.0 = Release|Any CPU
		{9AE65D1F-45A0-413F-B84E-073FD42DC1B1}.Release|x64.ActiveCfg = Release|Any CPU
		{9AE65D1F-45A0-413F-B84E-073FD42DC1B1}.Release|x64.Build.0 = Release|Any CPU
		{9AE65D1F-45A0-413F-B84E-073FD42DC1B1}.Release|x86.ActiveCfg = Release|Any CPU
		{9AE65D1F-45A0-413F-B84E-073FD42DC1B1}.Release|x86.Build.0 = Release|Any CPU
		{08283709-F7EA-421A-8435-07FBC8064991}.Debug|Any CPU.ActiveCfg = Debug|Any CPU
		{08283709-F7EA-421A-8435-07FBC8064991}.Debug|Any CPU.Build.0 = Debug|Any CPU
		{08283709-F7EA-421A-8435-07FBC8064991}.Debug|x64.ActiveCfg = Debug|Any CPU
		{08283709-F7EA-421A-8435-07FBC8064991}.Debug|x64.Build.0 = Debug|Any CPU
		{08283709-F7EA-421A-8435-07FBC8064991}.Debug|x86.ActiveCfg = Debug|Any CPU
		{08283709-F7EA-421A-8435-07FBC8064991}.Debug|x86.Build.0 = Debug|Any CPU
		{08283709-F7EA-421A-8435-07FBC8064991}.Release|Any CPU.ActiveCfg = Release|Any CPU
		{08283709-F7EA-421A-8435-07FBC8064991}.Release|Any CPU.Build.0 = Release|Any CPU
		{08283709-F7EA-421A-8435-07FBC8064991}.Release|x64.ActiveCfg = Release|Any CPU
		{08283709-F7EA-421A-8435-07FBC8064991}.Release|x64.Build.0 = Release|Any CPU
		{08283709-F7EA-421A-8435-07FBC8064991}.Release|x86.ActiveCfg = Release|Any CPU
		{08283709-F7EA-421A-8435-07FBC8064991}.Release|x86.Build.0 = Release|Any CPU
		{D8E3E019-E669-4D7B-9E04-792178E54CEF}.Debug|Any CPU.ActiveCfg = Debug|Any CPU
		{D8E3E019-E669-4D7B-9E04-792178E54CEF}.Debug|Any CPU.Build.0 = Debug|Any CPU
		{D8E3E019-E669-4D7B-9E04-792178E54CEF}.Debug|x64.ActiveCfg = Debug|Any CPU
		{D8E3E019-E669-4D7B-9E04-792178E54CEF}.Debug|x64.Build.0 = Debug|Any CPU
		{D8E3E019-E669-4D7B-9E04-792178E54CEF}.Debug|x86.ActiveCfg = Debug|Any CPU
		{D8E3E019-E669-4D7B-9E04-792178E54CEF}.Debug|x86.Build.0 = Debug|Any CPU
		{D8E3E019-E669-4D7B-9E04-792178E54CEF}.Release|Any CPU.ActiveCfg = Release|Any CPU
		{D8E3E019-E669-4D7B-9E04-792178E54CEF}.Release|Any CPU.Build.0 = Release|Any CPU
		{D8E3E019-E669-4D7B-9E04-792178E54CEF}.Release|x64.ActiveCfg = Release|Any CPU
		{D8E3E019-E669-4D7B-9E04-792178E54CEF}.Release|x64.Build.0 = Release|Any CPU
		{D8E3E019-E669-4D7B-9E04-792178E54CEF}.Release|x86.ActiveCfg = Release|Any CPU
		{D8E3E019-E669-4D7B-9E04-792178E54CEF}.Release|x86.Build.0 = Release|Any CPU
		{F4A7D6FE-EF63-4CEB-B96C-E84C53E39463}.Debug|Any CPU.ActiveCfg = Debug|Any CPU
		{F4A7D6FE-EF63-4CEB-B96C-E84C53E39463}.Debug|Any CPU.Build.0 = Debug|Any CPU
		{F4A7D6FE-EF63-4CEB-B96C-E84C53E39463}.Debug|x64.ActiveCfg = Debug|Any CPU
		{F4A7D6FE-EF63-4CEB-B96C-E84C53E39463}.Debug|x64.Build.0 = Debug|Any CPU
		{F4A7D6FE-EF63-4CEB-B96C-E84C53E39463}.Debug|x86.ActiveCfg = Debug|Any CPU
		{F4A7D6FE-EF63-4CEB-B96C-E84C53E39463}.Debug|x86.Build.0 = Debug|Any CPU
		{F4A7D6FE-EF63-4CEB-B96C-E84C53E39463}.Release|Any CPU.ActiveCfg = Release|Any CPU
		{F4A7D6FE-EF63-4CEB-B96C-E84C53E39463}.Release|Any CPU.Build.0 = Release|Any CPU
		{F4A7D6FE-EF63-4CEB-B96C-E84C53E39463}.Release|x64.ActiveCfg = Release|Any CPU
		{F4A7D6FE-EF63-4CEB-B96C-E84C53E39463}.Release|x64.Build.0 = Release|Any CPU
		{F4A7D6FE-EF63-4CEB-B96C-E84C53E39463}.Release|x86.ActiveCfg = Release|Any CPU
		{F4A7D6FE-EF63-4CEB-B96C-E84C53E39463}.Release|x86.Build.0 = Release|Any CPU
		{E0621D23-DC96-433E-9CDE-F792BD000846}.Debug|Any CPU.ActiveCfg = Debug|Any CPU
		{E0621D23-DC96-433E-9CDE-F792BD000846}.Debug|Any CPU.Build.0 = Debug|Any CPU
		{E0621D23-DC96-433E-9CDE-F792BD000846}.Debug|x64.ActiveCfg = Debug|Any CPU
		{E0621D23-DC96-433E-9CDE-F792BD000846}.Debug|x64.Build.0 = Debug|Any CPU
		{E0621D23-DC96-433E-9CDE-F792BD000846}.Debug|x86.ActiveCfg = Debug|Any CPU
		{E0621D23-DC96-433E-9CDE-F792BD000846}.Debug|x86.Build.0 = Debug|Any CPU
		{E0621D23-DC96-433E-9CDE-F792BD000846}.Release|Any CPU.ActiveCfg = Release|Any CPU
		{E0621D23-DC96-433E-9CDE-F792BD000846}.Release|Any CPU.Build.0 = Release|Any CPU
		{E0621D23-DC96-433E-9CDE-F792BD000846}.Release|x64.ActiveCfg = Release|Any CPU
		{E0621D23-DC96-433E-9CDE-F792BD000846}.Release|x64.Build.0 = Release|Any CPU
		{E0621D23-DC96-433E-9CDE-F792BD000846}.Release|x86.ActiveCfg = Release|Any CPU
		{E0621D23-DC96-433E-9CDE-F792BD000846}.Release|x86.Build.0 = Release|Any CPU
		{AA17153D-AD8C-4878-A164-708540204F31}.Debug|Any CPU.ActiveCfg = Debug|Any CPU
		{AA17153D-AD8C-4878-A164-708540204F31}.Debug|Any CPU.Build.0 = Debug|Any CPU
		{AA17153D-AD8C-4878-A164-708540204F31}.Debug|x64.ActiveCfg = Debug|Any CPU
		{AA17153D-AD8C-4878-A164-708540204F31}.Debug|x64.Build.0 = Debug|Any CPU
		{AA17153D-AD8C-4878-A164-708540204F31}.Debug|x86.ActiveCfg = Debug|Any CPU
		{AA17153D-AD8C-4878-A164-708540204F31}.Debug|x86.Build.0 = Debug|Any CPU
		{AA17153D-AD8C-4878-A164-708540204F31}.Release|Any CPU.ActiveCfg = Release|Any CPU
		{AA17153D-AD8C-4878-A164-708540204F31}.Release|Any CPU.Build.0 = Release|Any CPU
		{AA17153D-AD8C-4878-A164-708540204F31}.Release|x64.ActiveCfg = Release|Any CPU
		{AA17153D-AD8C-4878-A164-708540204F31}.Release|x64.Build.0 = Release|Any CPU
		{AA17153D-AD8C-4878-A164-708540204F31}.Release|x86.ActiveCfg = Release|Any CPU
		{AA17153D-AD8C-4878-A164-708540204F31}.Release|x86.Build.0 = Release|Any CPU
		{CF46D687-1B21-425C-A6DF-1C0C1DD6F16B}.Debug|Any CPU.ActiveCfg = Debug|Any CPU
		{CF46D687-1B21-425C-A6DF-1C0C1DD6F16B}.Debug|Any CPU.Build.0 = Debug|Any CPU
		{CF46D687-1B21-425C-A6DF-1C0C1DD6F16B}.Debug|x64.ActiveCfg = Debug|Any CPU
		{CF46D687-1B21-425C-A6DF-1C0C1DD6F16B}.Debug|x64.Build.0 = Debug|Any CPU
		{CF46D687-1B21-425C-A6DF-1C0C1DD6F16B}.Debug|x86.ActiveCfg = Debug|Any CPU
		{CF46D687-1B21-425C-A6DF-1C0C1DD6F16B}.Debug|x86.Build.0 = Debug|Any CPU
		{CF46D687-1B21-425C-A6DF-1C0C1DD6F16B}.Release|Any CPU.ActiveCfg = Release|Any CPU
		{CF46D687-1B21-425C-A6DF-1C0C1DD6F16B}.Release|Any CPU.Build.0 = Release|Any CPU
		{CF46D687-1B21-425C-A6DF-1C0C1DD6F16B}.Release|x64.ActiveCfg = Release|Any CPU
		{CF46D687-1B21-425C-A6DF-1C0C1DD6F16B}.Release|x64.Build.0 = Release|Any CPU
		{CF46D687-1B21-425C-A6DF-1C0C1DD6F16B}.Release|x86.ActiveCfg = Release|Any CPU
		{CF46D687-1B21-425C-A6DF-1C0C1DD6F16B}.Release|x86.Build.0 = Release|Any CPU
	EndGlobalSection
	GlobalSection(SolutionProperties) = preSolution
		HideSolutionNode = FALSE
	EndGlobalSection
	GlobalSection(NestedProjects) = preSolution
		{9AE65D1F-45A0-413F-B84E-073FD42DC1B1} = {827E0CD3-B72D-47B6-A68D-7590B98EB39B}
		{08283709-F7EA-421A-8435-07FBC8064991} = {827E0CD3-B72D-47B6-A68D-7590B98EB39B}
		{D8E3E019-E669-4D7B-9E04-792178E54CEF} = {827E0CD3-B72D-47B6-A68D-7590B98EB39B}
		{F4A7D6FE-EF63-4CEB-B96C-E84C53E39463} = {827E0CD3-B72D-47B6-A68D-7590B98EB39B}
		{E0621D23-DC96-433E-9CDE-F792BD000846} = {827E0CD3-B72D-47B6-A68D-7590B98EB39B}
		{AA17153D-AD8C-4878-A164-708540204F31} = {0AB3BF05-4346-4AA6-1389-037BE0695223}
		{CF46D687-1B21-425C-A6DF-1C0C1DD6F16B} = {0AB3BF05-4346-4AA6-1389-037BE0695223}
	EndGlobalSection
EndGlobal
